
Microsoft Visual Studio Solution File, Format Version 12.00
# Visual Studio Version 16
VisualStudioVersion = 16.0.30204.135
MinimumVisualStudioVersion = 10.0.40219.1
Project("{FAE04EC0-301F-11D3-BF4B-00C04F79EFBC}") = "fileCrypto", "fileCrypto\fileCrypto.csproj", "{278C9057-1A26-4937-BB25-5F9D696D9FA0}"
EndProject
Global
	GlobalSection(SolutionConfigurationPlatforms) = preSolution
		Debug|Any CPU = Debug|Any CPU
		Release|Any CPU = Release|Any CPU
	EndGlobalSection
	GlobalSection(ProjectConfigurationPlatforms) = postSolution
		{278C9057-1A26-4937-BB25-5F9D696D9FA0}.Debug|Any CPU.ActiveCfg = Debug|Any CPU
		{278C9057-1A26-4937-BB25-5F9D696D9FA0}.Debug|Any CPU.Build.0 = Debug|Any CPU
		{278C9057-1A26-4937-BB25-5F9D696D9FA0}.Release|Any CPU.ActiveCfg = Release|Any CPU
		{278C9057-1A26-4937-BB25-5F9D696D9FA0}.Release|Any CPU.Build.0 = Release|Any CPU
	EndGlobalSection
	GlobalSection(SolutionProperties) = preSolution
		HideSolutionNode = FALSE
	EndGlobalSection
	GlobalSection(ExtensibilityGlobals) = postSolution
		SolutionGuid = {C1BAFE7B-81F1-4284-850F-19302964AE8C}
	EndGlobalSection
EndGlobal
